// !$*UTF8*$!
{
	archiveVersion = 1;
	classes = {
	};
	objectVersion = 46;
	objects = {

/* Begin PBXBuildFile section */
		39F527E91F5E2B1400F9537C /* main.m in Sources */ = {isa = PBXBuildFile; fileRef = 39F527E81F5E2B1400F9537C /* main.m */; };
		39F527EC1F5E2B1400F9537C /* AppDelegate.m in Sources */ = {isa = PBXBuildFile; fileRef = 39F527EB1F5E2B1400F9537C /* AppDelegate.m */; };
		39F527F41F5E2B1400F9537C /* Assets.xcassets in Resources */ = {isa = PBXBuildFile; fileRef = 39F527F31F5E2B1400F9537C /* Assets.xcassets */; };
		39F528021F5E2B1400F9537C /* DemoTests.m in Sources */ = {isa = PBXBuildFile; fileRef = 39F528011F5E2B1400F9537C /* DemoTests.m */; };
		39F5280D1F5E2B1400F9537C /* DemoUITests.m in Sources */ = {isa = PBXBuildFile; fileRef = 39F5280C1F5E2B1400F9537C /* DemoUITests.m */; };
		39F528291F5E436D00F9537C /* BaseNaviViewController.m in Sources */ = {isa = PBXBuildFile; fileRef = 39F5281D1F5E436D00F9537C /* BaseNaviViewController.m */; };
		39F5282A1F5E436D00F9537C /* BaseViewController.m in Sources */ = {isa = PBXBuildFile; fileRef = 39F5281F1F5E436D00F9537C /* BaseViewController.m */; };
		39F5282B1F5E436D00F9537C /* LaunchView.m in Sources */ = {isa = PBXBuildFile; fileRef = 39F528221F5E436D00F9537C /* LaunchView.m */; };
		39F5282C1F5E436D00F9537C /* LoginViewController.m in Sources */ = {isa = PBXBuildFile; fileRef = 39F528261F5E436D00F9537C /* LoginViewController.m */; };
		39F528311F5E449D00F9537C /* BaseTabBarViewController.m in Sources */ = {isa = PBXBuildFile; fileRef = 39F528301F5E449D00F9537C /* BaseTabBarViewController.m */; };
		39F528481F5E45B400F9537C /* HomeViewController.m in Sources */ = {isa = PBXBuildFile; fileRef = 39F528471F5E45B400F9537C /* HomeViewController.m */; };
		39F5284B1F5E45C300F9537C /* SearchViewController.m in Sources */ = {isa = PBXBuildFile; fileRef = 39F5284A1F5E45C300F9537C /* SearchViewController.m */; };
		39F5284E1F5E45D300F9537C /* CourseViewController.m in Sources */ = {isa = PBXBuildFile; fileRef = 39F5284D1F5E45D300F9537C /* CourseViewController.m */; };
		39F528511F5E45E000F9537C /* MessageViewController.m in Sources */ = {isa = PBXBuildFile; fileRef = 39F528501F5E45E000F9537C /* MessageViewController.m */; };
		39F5285A1F5E700D00F9537C /* ThemeManager.m in Sources */ = {isa = PBXBuildFile; fileRef = 39F528591F5E700D00F9537C /* ThemeManager.m */; };
		39F528641F5E8CD100F9537C /* SideModel.m in Sources */ = {isa = PBXBuildFile; fileRef = 39F5285E1F5E8CD100F9537C /* SideModel.m */; };
		39F528651F5E8CD100F9537C /* SideCell.m in Sources */ = {isa = PBXBuildFile; fileRef = 39F528611F5E8CD100F9537C /* SideCell.m */; };
		39F528661F5E8CD100F9537C /* SideView.m in Sources */ = {isa = PBXBuildFile; fileRef = 39F528631F5E8CD100F9537C /* SideView.m */; };
		39F5286D1F5E8D4E00F9537C /* PSDrawerManager.m in Sources */ = {isa = PBXBuildFile; fileRef = 39F5286A1F5E8D4E00F9537C /* PSDrawerManager.m */; };
		39F5286E1F5E8D4E00F9537C /* UIView+leoAdd.m in Sources */ = {isa = PBXBuildFile; fileRef = 39F5286C1F5E8D4E00F9537C /* UIView+leoAdd.m */; };
		FF9B43211F5ECD9E0028D50C /* MyViewController.m in Sources */ = {isa = PBXBuildFile; fileRef = FF9B43201F5ECD9E0028D50C /* MyViewController.m */; };
		FF9B43231F5ED2CC0028D50C /* barry.ttf in Resources */ = {isa = PBXBuildFile; fileRef = FF9B43221F5ED2CC0028D50C /* barry.ttf */; };
/* End PBXBuildFile section */

/* Begin PBXContainerItemProxy section */
		39F527FE1F5E2B1400F9537C /* PBXContainerItemProxy */ = {
			isa = PBXContainerItemProxy;
			containerPortal = 39F527DC1F5E2B1400F9537C /* Project object */;
			proxyType = 1;
			remoteGlobalIDString = 39F527E31F5E2B1400F9537C;
			remoteInfo = Demo;
		};
		39F528091F5E2B1400F9537C /* PBXContainerItemProxy */ = {
			isa = PBXContainerItemProxy;
			containerPortal = 39F527DC1F5E2B1400F9537C /* Project object */;
			proxyType = 1;
			remoteGlobalIDString = 39F527E31F5E2B1400F9537C;
			remoteInfo = Demo;
		};
/* End PBXContainerItemProxy section */

/* Begin PBXFileReference section */
		39F527E41F5E2B1400F9537C /* Demo.app */ = {isa = PBXFileReference; explicitFileType = wrapper.application; includeInIndex = 0; path = Demo.app; sourceTree = BUILT_PRODUCTS_DIR; };
		39F527E81F5E2B1400F9537C /* main.m */ = {isa = PBXFileReference; lastKnownFileType = sourcecode.c.objc; path = main.m; sourceTree = "<group>"; };
		39F527EA1F5E2B1400F9537C /* AppDelegate.h */ = {isa = PBXFileReference; lastKnownFileType = sourcecode.c.h; path = AppDelegate.h; sourceTree = "<group>"; };
		39F527EB1F5E2B1400F9537C /* AppDelegate.m */ = {isa = PBXFileReference; lastKnownFileType = sourcecode.c.objc; path = AppDelegate.m; sourceTree = "<group>"; };
		39F527F31F5E2B1400F9537C /* Assets.xcassets */ = {isa = PBXFileReference; lastKnownFileType = folder.assetcatalog; path = Assets.xcassets; sourceTree = "<group>"; };
		39F527F81F5E2B1400F9537C /* Info.plist */ = {isa = PBXFileReference; lastKnownFileType = text.plist.xml; path = Info.plist; sourceTree = "<group>"; };
		39F527FD1F5E2B1400F9537C /* DemoTests.xctest */ = {isa = PBXFileReference; explicitFileType = wrapper.cfbundle; includeInIndex = 0; path = DemoTests.xctest; sourceTree = BUILT_PRODUCTS_DIR; };
		39F528011F5E2B1400F9537C /* DemoTests.m */ = {isa = PBXFileReference; lastKnownFileType = sourcecode.c.objc; path = DemoTests.m; sourceTree = "<group>"; };
		39F528031F5E2B1400F9537C /* Info.plist */ = {isa = PBXFileReference; lastKnownFileType = text.plist.xml; path = Info.plist; sourceTree = "<group>"; };
		39F528081F5E2B1400F9537C /* DemoUITests.xctest */ = {isa = PBXFileReference; explicitFileType = wrapper.cfbundle; includeInIndex = 0; path = DemoUITests.xctest; sourceTree = BUILT_PRODUCTS_DIR; };
		39F5280C1F5E2B1400F9537C /* DemoUITests.m */ = {isa = PBXFileReference; lastKnownFileType = sourcecode.c.objc; path = DemoUITests.m; sourceTree = "<group>"; };
		39F5280E1F5E2B1400F9537C /* Info.plist */ = {isa = PBXFileReference; lastKnownFileType = text.plist.xml; path = Info.plist; sourceTree = "<group>"; };
		39F5281C1F5E436D00F9537C /* BaseNaviViewController.h */ = {isa = PBXFileReference; fileEncoding = 4; lastKnownFileType = sourcecode.c.h; path = BaseNaviViewController.h; sourceTree = "<group>"; };
		39F5281D1F5E436D00F9537C /* BaseNaviViewController.m */ = {isa = PBXFileReference; fileEncoding = 4; lastKnownFileType = sourcecode.c.objc; path = BaseNaviViewController.m; sourceTree = "<group>"; };
		39F5281E1F5E436D00F9537C /* BaseViewController.h */ = {isa = PBXFileReference; fileEncoding = 4; lastKnownFileType = sourcecode.c.h; path = BaseViewController.h; sourceTree = "<group>"; };
		39F5281F1F5E436D00F9537C /* BaseViewController.m */ = {isa = PBXFileReference; fileEncoding = 4; lastKnownFileType = sourcecode.c.objc; path = BaseViewController.m; sourceTree = "<group>"; };
		39F528211F5E436D00F9537C /* LaunchView.h */ = {isa = PBXFileReference; fileEncoding = 4; lastKnownFileType = sourcecode.c.h; path = LaunchView.h; sourceTree = "<group>"; };
		39F528221F5E436D00F9537C /* LaunchView.m */ = {isa = PBXFileReference; fileEncoding = 4; lastKnownFileType = sourcecode.c.objc; path = LaunchView.m; sourceTree = "<group>"; };
		39F528251F5E436D00F9537C /* LoginViewController.h */ = {isa = PBXFileReference; fileEncoding = 4; lastKnownFileType = sourcecode.c.h; path = LoginViewController.h; sourceTree = "<group>"; };
		39F528261F5E436D00F9537C /* LoginViewController.m */ = {isa = PBXFileReference; fileEncoding = 4; lastKnownFileType = sourcecode.c.objc; path = LoginViewController.m; sourceTree = "<group>"; };
		39F5282D1F5E439F00F9537C /* PrefixHeader.pch */ = {isa = PBXFileReference; lastKnownFileType = sourcecode.c.h; path = PrefixHeader.pch; sourceTree = "<group>"; };
		39F5282E1F5E43B400F9537C /* Macro.h */ = {isa = PBXFileReference; lastKnownFileType = sourcecode.c.h; path = Macro.h; sourceTree = "<group>"; };
		39F5282F1F5E449D00F9537C /* BaseTabBarViewController.h */ = {isa = PBXFileReference; fileEncoding = 4; lastKnownFileType = sourcecode.c.h; path = BaseTabBarViewController.h; sourceTree = "<group>"; };
		39F528301F5E449D00F9537C /* BaseTabBarViewController.m */ = {isa = PBXFileReference; fileEncoding = 4; lastKnownFileType = sourcecode.c.objc; path = BaseTabBarViewController.m; sourceTree = "<group>"; };
		39F528461F5E45B400F9537C /* HomeViewController.h */ = {isa = PBXFileReference; fileEncoding = 4; lastKnownFileType = sourcecode.c.h; path = HomeViewController.h; sourceTree = "<group>"; };
		39F528471F5E45B400F9537C /* HomeViewController.m */ = {isa = PBXFileReference; fileEncoding = 4; lastKnownFileType = sourcecode.c.objc; path = HomeViewController.m; sourceTree = "<group>"; };
		39F528491F5E45C300F9537C /* SearchViewController.h */ = {isa = PBXFileReference; fileEncoding = 4; lastKnownFileType = sourcecode.c.h; path = SearchViewController.h; sourceTree = "<group>"; };
		39F5284A1F5E45C300F9537C /* SearchViewController.m */ = {isa = PBXFileReference; fileEncoding = 4; lastKnownFileType = sourcecode.c.objc; path = SearchViewController.m; sourceTree = "<group>"; };
		39F5284C1F5E45D300F9537C /* CourseViewController.h */ = {isa = PBXFileReference; fileEncoding = 4; lastKnownFileType = sourcecode.c.h; path = CourseViewController.h; sourceTree = "<group>"; };
		39F5284D1F5E45D300F9537C /* CourseViewController.m */ = {isa = PBXFileReference; fileEncoding = 4; lastKnownFileType = sourcecode.c.objc; path = CourseViewController.m; sourceTree = "<group>"; };
		39F5284F1F5E45E000F9537C /* MessageViewController.h */ = {isa = PBXFileReference; fileEncoding = 4; lastKnownFileType = sourcecode.c.h; path = MessageViewController.h; sourceTree = "<group>"; };
		39F528501F5E45E000F9537C /* MessageViewController.m */ = {isa = PBXFileReference; fileEncoding = 4; lastKnownFileType = sourcecode.c.objc; path = MessageViewController.m; sourceTree = "<group>"; };
		39F528581F5E700D00F9537C /* ThemeManager.h */ = {isa = PBXFileReference; fileEncoding = 4; lastKnownFileType = sourcecode.c.h; path = ThemeManager.h; sourceTree = "<group>"; };
		39F528591F5E700D00F9537C /* ThemeManager.m */ = {isa = PBXFileReference; fileEncoding = 4; lastKnownFileType = sourcecode.c.objc; path = ThemeManager.m; sourceTree = "<group>"; };
		39F5285D1F5E8CD100F9537C /* SideModel.h */ = {isa = PBXFileReference; fileEncoding = 4; lastKnownFileType = sourcecode.c.h; path = SideModel.h; sourceTree = "<group>"; };
		39F5285E1F5E8CD100F9537C /* SideModel.m */ = {isa = PBXFileReference; fileEncoding = 4; lastKnownFileType = sourcecode.c.objc; path = SideModel.m; sourceTree = "<group>"; };
		39F528601F5E8CD100F9537C /* SideCell.h */ = {isa = PBXFileReference; fileEncoding = 4; lastKnownFileType = sourcecode.c.h; path = SideCell.h; sourceTree = "<group>"; };
		39F528611F5E8CD100F9537C /* SideCell.m */ = {isa = PBXFileReference; fileEncoding = 4; lastKnownFileType = sourcecode.c.objc; path = SideCell.m; sourceTree = "<group>"; };
		39F528621F5E8CD100F9537C /* SideView.h */ = {isa = PBXFileReference; fileEncoding = 4; lastKnownFileType = sourcecode.c.h; path = SideView.h; sourceTree = "<group>"; };
		39F528631F5E8CD100F9537C /* SideView.m */ = {isa = PBXFileReference; fileEncoding = 4; lastKnownFileType = sourcecode.c.objc; path = SideView.m; sourceTree = "<group>"; };
		39F528691F5E8D4E00F9537C /* PSDrawerManager.h */ = {isa = PBXFileReference; fileEncoding = 4; lastKnownFileType = sourcecode.c.h; path = PSDrawerManager.h; sourceTree = "<group>"; };
		39F5286A1F5E8D4E00F9537C /* PSDrawerManager.m */ = {isa = PBXFileReference; fileEncoding = 4; lastKnownFileType = sourcecode.c.objc; path = PSDrawerManager.m; sourceTree = "<group>"; };
		39F5286B1F5E8D4E00F9537C /* UIView+leoAdd.h */ = {isa = PBXFileReference; fileEncoding = 4; lastKnownFileType = sourcecode.c.h; path = "UIView+leoAdd.h"; sourceTree = "<group>"; };
		39F5286C1F5E8D4E00F9537C /* UIView+leoAdd.m */ = {isa = PBXFileReference; fileEncoding = 4; lastKnownFileType = sourcecode.c.objc; path = "UIView+leoAdd.m"; sourceTree = "<group>"; };
		FF9B431F1F5ECD9E0028D50C /* MyViewController.h */ = {isa = PBXFileReference; fileEncoding = 4; lastKnownFileType = sourcecode.c.h; path = MyViewController.h; sourceTree = "<group>"; };
		FF9B43201F5ECD9E0028D50C /* MyViewController.m */ = {isa = PBXFileReference; fileEncoding = 4; lastKnownFileType = sourcecode.c.objc; path = MyViewController.m; sourceTree = "<group>"; };
		FF9B43221F5ED2CC0028D50C /* barry.ttf */ = {isa = PBXFileReference; lastKnownFileType = file; path = barry.ttf; sourceTree = "<group>"; };
/* End PBXFileReference section */

/* Begin PBXFrameworksBuildPhase section */
		39F527E11F5E2B1400F9537C /* Frameworks */ = {
			isa = PBXFrameworksBuildPhase;
			buildActionMask = 2147483647;
			files = (
			);
			runOnlyForDeploymentPostprocessing = 0;
		};
		39F527FA1F5E2B1400F9537C /* Frameworks */ = {
			isa = PBXFrameworksBuildPhase;
			buildActionMask = 2147483647;
			files = (
			);
			runOnlyForDeploymentPostprocessing = 0;
		};
		39F528051F5E2B1400F9537C /* Frameworks */ = {
			isa = PBXFrameworksBuildPhase;
			buildActionMask = 2147483647;
			files = (
			);
			runOnlyForDeploymentPostprocessing = 0;
		};
/* End PBXFrameworksBuildPhase section */

/* Begin PBXGroup section */
		39F527DB1F5E2B1400F9537C = {
			isa = PBXGroup;
			children = (
				39F527E61F5E2B1400F9537C /* Demo */,
				39F528001F5E2B1400F9537C /* DemoTests */,
				39F5280B1F5E2B1400F9537C /* DemoUITests */,
				39F527E51F5E2B1400F9537C /* Products */,
			);
			sourceTree = "<group>";
		};
		39F527E51F5E2B1400F9537C /* Products */ = {
			isa = PBXGroup;
			children = (
				39F527E41F5E2B1400F9537C /* Demo.app */,
				39F527FD1F5E2B1400F9537C /* DemoTests.xctest */,
				39F528081F5E2B1400F9537C /* DemoUITests.xctest */,
			);
			name = Products;
			sourceTree = "<group>";
		};
		39F527E61F5E2B1400F9537C /* Demo */ = {
			isa = PBXGroup;
			children = (
				39F527EA1F5E2B1400F9537C /* AppDelegate.h */,
				39F527EB1F5E2B1400F9537C /* AppDelegate.m */,
				39F5281A1F5E436D00F9537C /* classes */,
				39F527F31F5E2B1400F9537C /* Assets.xcassets */,
				39F527F81F5E2B1400F9537C /* Info.plist */,
				39F527E71F5E2B1400F9537C /* Supporting Files */,
			);
			path = Demo;
			sourceTree = "<group>";
		};
		39F527E71F5E2B1400F9537C /* Supporting Files */ = {
			isa = PBXGroup;
			children = (
				FF9B43221F5ED2CC0028D50C /* barry.ttf */,
				39F527E81F5E2B1400F9537C /* main.m */,
				39F5282D1F5E439F00F9537C /* PrefixHeader.pch */,
				39F5282E1F5E43B400F9537C /* Macro.h */,
			);
			name = "Supporting Files";
			sourceTree = "<group>";
		};
		39F528001F5E2B1400F9537C /* DemoTests */ = {
			isa = PBXGroup;
			children = (
				39F528011F5E2B1400F9537C /* DemoTests.m */,
				39F528031F5E2B1400F9537C /* Info.plist */,
			);
			path = DemoTests;
			sourceTree = "<group>";
		};
		39F5280B1F5E2B1400F9537C /* DemoUITests */ = {
			isa = PBXGroup;
			children = (
				39F5280C1F5E2B1400F9537C /* DemoUITests.m */,
				39F5280E1F5E2B1400F9537C /* Info.plist */,
			);
			path = DemoUITests;
			sourceTree = "<group>";
		};
		39F5281A1F5E436D00F9537C /* classes */ = {
			isa = PBXGroup;
			children = (
				39F528671F5E8D4E00F9537C /* thirdParty */,
				39F528551F5E461000F9537C /* tools */,
				39F5281B1F5E436D00F9537C /* base */,
				39F528201F5E436D00F9537C /* custom */,
				39F528231F5E436D00F9537C /* login */,
				39F528361F5E458100F9537C /* home */,
				39F528421F5E458100F9537C /* search */,
				39F528321F5E458100F9537C /* course */,
				39F5283A1F5E458100F9537C /* message */,
				FF9B431B1F5ECD840028D50C /* my */,
			);
			path = classes;
			sourceTree = "<group>";
		};
		39F5281B1F5E436D00F9537C /* base */ = {
			isa = PBXGroup;
			children = (
				39F5282F1F5E449D00F9537C /* BaseTabBarViewController.h */,
				39F528301F5E449D00F9537C /* BaseTabBarViewController.m */,
				39F5281C1F5E436D00F9537C /* BaseNaviViewController.h */,
				39F5281D1F5E436D00F9537C /* BaseNaviViewController.m */,
				39F5281E1F5E436D00F9537C /* BaseViewController.h */,
				39F5281F1F5E436D00F9537C /* BaseViewController.m */,
			);
			path = base;
			sourceTree = "<group>";
		};
		39F528201F5E436D00F9537C /* custom */ = {
			isa = PBXGroup;
			children = (
				39F5285B1F5E8CD100F9537C /* Side */,
				39F528211F5E436D00F9537C /* LaunchView.h */,
				39F528221F5E436D00F9537C /* LaunchView.m */,
			);
			path = custom;
			sourceTree = "<group>";
		};
		39F528231F5E436D00F9537C /* login */ = {
			isa = PBXGroup;
			children = (
				39F528241F5E436D00F9537C /* controller */,
				39F528271F5E436D00F9537C /* model */,
				39F528281F5E436D00F9537C /* view */,
			);
			path = login;
			sourceTree = "<group>";
		};
		39F528241F5E436D00F9537C /* controller */ = {
			isa = PBXGroup;
			children = (
				39F528251F5E436D00F9537C /* LoginViewController.h */,
				39F528261F5E436D00F9537C /* LoginViewController.m */,
			);
			path = controller;
			sourceTree = "<group>";
		};
		39F528271F5E436D00F9537C /* model */ = {
			isa = PBXGroup;
			children = (
			);
			path = model;
			sourceTree = "<group>";
		};
		39F528281F5E436D00F9537C /* view */ = {
			isa = PBXGroup;
			children = (
			);
			path = view;
			sourceTree = "<group>";
		};
		39F528321F5E458100F9537C /* course */ = {
			isa = PBXGroup;
			children = (
				39F528331F5E458100F9537C /* controller */,
				39F528341F5E458100F9537C /* model */,
				39F528351F5E458100F9537C /* view */,
			);
			path = course;
			sourceTree = "<group>";
		};
		39F528331F5E458100F9537C /* controller */ = {
			isa = PBXGroup;
			children = (
				39F5284C1F5E45D300F9537C /* CourseViewController.h */,
				39F5284D1F5E45D300F9537C /* CourseViewController.m */,
			);
			path = controller;
			sourceTree = "<group>";
		};
		39F528341F5E458100F9537C /* model */ = {
			isa = PBXGroup;
			children = (
			);
			path = model;
			sourceTree = "<group>";
		};
		39F528351F5E458100F9537C /* view */ = {
			isa = PBXGroup;
			children = (
			);
			path = view;
			sourceTree = "<group>";
		};
		39F528361F5E458100F9537C /* home */ = {
			isa = PBXGroup;
			children = (
				39F528371F5E458100F9537C /* controller */,
				39F528381F5E458100F9537C /* model */,
				39F528391F5E458100F9537C /* view */,
			);
			path = home;
			sourceTree = "<group>";
		};
		39F528371F5E458100F9537C /* controller */ = {
			isa = PBXGroup;
			children = (
				39F528461F5E45B400F9537C /* HomeViewController.h */,
				39F528471F5E45B400F9537C /* HomeViewController.m */,
			);
			path = controller;
			sourceTree = "<group>";
		};
		39F528381F5E458100F9537C /* model */ = {
			isa = PBXGroup;
			children = (
			);
			path = model;
			sourceTree = "<group>";
		};
		39F528391F5E458100F9537C /* view */ = {
			isa = PBXGroup;
			children = (
			);
			path = view;
			sourceTree = "<group>";
		};
		39F5283A1F5E458100F9537C /* message */ = {
			isa = PBXGroup;
			children = (
				39F5283B1F5E458100F9537C /* controller */,
				39F5283C1F5E458100F9537C /* model */,
				39F5283D1F5E458100F9537C /* view */,
			);
			path = message;
			sourceTree = "<group>";
		};
		39F5283B1F5E458100F9537C /* controller */ = {
			isa = PBXGroup;
			children = (
				39F5284F1F5E45E000F9537C /* MessageViewController.h */,
				39F528501F5E45E000F9537C /* MessageViewController.m */,
			);
			path = controller;
			sourceTree = "<group>";
		};
		39F5283C1F5E458100F9537C /* model */ = {
			isa = PBXGroup;
			children = (
			);
			path = model;
			sourceTree = "<group>";
		};
		39F5283D1F5E458100F9537C /* view */ = {
			isa = PBXGroup;
			children = (
			);
			path = view;
			sourceTree = "<group>";
		};
		39F528421F5E458100F9537C /* search */ = {
			isa = PBXGroup;
			children = (
				39F528431F5E458100F9537C /* controller */,
				39F528441F5E458100F9537C /* model */,
				39F528451F5E458100F9537C /* view */,
			);
			path = search;
			sourceTree = "<group>";
		};
		39F528431F5E458100F9537C /* controller */ = {
			isa = PBXGroup;
			children = (
				39F528491F5E45C300F9537C /* SearchViewController.h */,
				39F5284A1F5E45C300F9537C /* SearchViewController.m */,
			);
			path = controller;
			sourceTree = "<group>";
		};
		39F528441F5E458100F9537C /* model */ = {
			isa = PBXGroup;
			children = (
			);
			path = model;
			sourceTree = "<group>";
		};
		39F528451F5E458100F9537C /* view */ = {
			isa = PBXGroup;
			children = (
			);
			path = view;
			sourceTree = "<group>";
		};
		39F528551F5E461000F9537C /* tools */ = {
			isa = PBXGroup;
			children = (
				39F528581F5E700D00F9537C /* ThemeManager.h */,
				39F528591F5E700D00F9537C /* ThemeManager.m */,
			);
			path = tools;
			sourceTree = "<group>";
		};
		39F5285B1F5E8CD100F9537C /* Side */ = {
			isa = PBXGroup;
			children = (
				39F5285C1F5E8CD100F9537C /* Model */,
				39F5285F1F5E8CD100F9537C /* View */,
			);
			path = Side;
			sourceTree = "<group>";
		};
		39F5285C1F5E8CD100F9537C /* Model */ = {
			isa = PBXGroup;
			children = (
				39F5285D1F5E8CD100F9537C /* SideModel.h */,
				39F5285E1F5E8CD100F9537C /* SideModel.m */,
			);
			path = Model;
			sourceTree = "<group>";
		};
		39F5285F1F5E8CD100F9537C /* View */ = {
			isa = PBXGroup;
			children = (
				39F528601F5E8CD100F9537C /* SideCell.h */,
				39F528611F5E8CD100F9537C /* SideCell.m */,
				39F528621F5E8CD100F9537C /* SideView.h */,
				39F528631F5E8CD100F9537C /* SideView.m */,
			);
			path = View;
			sourceTree = "<group>";
		};
		39F528671F5E8D4E00F9537C /* thirdParty */ = {
			isa = PBXGroup;
			children = (
				39F528681F5E8D4E00F9537C /* side */,
			);
			path = thirdParty;
			sourceTree = "<group>";
		};
		39F528681F5E8D4E00F9537C /* side */ = {
			isa = PBXGroup;
			children = (
				39F528691F5E8D4E00F9537C /* PSDrawerManager.h */,
				39F5286A1F5E8D4E00F9537C /* PSDrawerManager.m */,
				39F5286B1F5E8D4E00F9537C /* UIView+leoAdd.h */,
				39F5286C1F5E8D4E00F9537C /* UIView+leoAdd.m */,
			);
			path = side;
			sourceTree = "<group>";
		};
		FF9B431B1F5ECD840028D50C /* my */ = {
			isa = PBXGroup;
			children = (
				FF9B431C1F5ECD840028D50C /* controller */,
				FF9B431D1F5ECD840028D50C /* model */,
				FF9B431E1F5ECD840028D50C /* view */,
			);
			path = my;
			sourceTree = "<group>";
		};
		FF9B431C1F5ECD840028D50C /* controller */ = {
			isa = PBXGroup;
			children = (
				FF9B431F1F5ECD9E0028D50C /* MyViewController.h */,
				FF9B43201F5ECD9E0028D50C /* MyViewController.m */,
			);
			path = controller;
			sourceTree = "<group>";
		};
		FF9B431D1F5ECD840028D50C /* model */ = {
			isa = PBXGroup;
			children = (
			);
			path = model;
			sourceTree = "<group>";
		};
		FF9B431E1F5ECD840028D50C /* view */ = {
			isa = PBXGroup;
			children = (
			);
			path = view;
			sourceTree = "<group>";
		};
/* End PBXGroup section */

/* Begin PBXNativeTarget section */
		39F527E31F5E2B1400F9537C /* Demo */ = {
			isa = PBXNativeTarget;
			buildConfigurationList = 39F528111F5E2B1400F9537C /* Build configuration list for PBXNativeTarget "Demo" */;
			buildPhases = (
				39F527E01F5E2B1400F9537C /* Sources */,
				39F527E11F5E2B1400F9537C /* Frameworks */,
				39F527E21F5E2B1400F9537C /* Resources */,
			);
			buildRules = (
			);
			dependencies = (
			);
			name = Demo;
			productName = Demo;
			productReference = 39F527E41F5E2B1400F9537C /* Demo.app */;
			productType = "com.apple.product-type.application";
		};
		39F527FC1F5E2B1400F9537C /* DemoTests */ = {
			isa = PBXNativeTarget;
			buildConfigurationList = 39F528141F5E2B1400F9537C /* Build configuration list for PBXNativeTarget "DemoTests" */;
			buildPhases = (
				39F527F91F5E2B1400F9537C /* Sources */,
				39F527FA1F5E2B1400F9537C /* Frameworks */,
				39F527FB1F5E2B1400F9537C /* Resources */,
			);
			buildRules = (
			);
			dependencies = (
				39F527FF1F5E2B1400F9537C /* PBXTargetDependency */,
			);
			name = DemoTests;
			productName = DemoTests;
			productReference = 39F527FD1F5E2B1400F9537C /* DemoTests.xctest */;
			productType = "com.apple.product-type.bundle.unit-test";
		};
		39F528071F5E2B1400F9537C /* DemoUITests */ = {
			isa = PBXNativeTarget;
			buildConfigurationList = 39F528171F5E2B1400F9537C /* Build configuration list for PBXNativeTarget "DemoUITests" */;
			buildPhases = (
				39F528041F5E2B1400F9537C /* Sources */,
				39F528051F5E2B1400F9537C /* Frameworks */,
				39F528061F5E2B1400F9537C /* Resources */,
			);
			buildRules = (
			);
			dependencies = (
				39F5280A1F5E2B1400F9537C /* PBXTargetDependency */,
			);
			name = DemoUITests;
			productName = DemoUITests;
			productReference = 39F528081F5E2B1400F9537C /* DemoUITests.xctest */;
			productType = "com.apple.product-type.bundle.ui-testing";
		};
/* End PBXNativeTarget section */

/* Begin PBXProject section */
		39F527DC1F5E2B1400F9537C /* Project object */ = {
			isa = PBXProject;
			attributes = {
				LastUpgradeCheck = 0830;
				ORGANIZATIONNAME = YaoYuSmart;
				TargetAttributes = {
					39F527E31F5E2B1400F9537C = {
						CreatedOnToolsVersion = 8.3.2;
						DevelopmentTeam = 39XHFP8NJ6;
						ProvisioningStyle = Automatic;
					};
					39F527FC1F5E2B1400F9537C = {
						CreatedOnToolsVersion = 8.3.2;
						ProvisioningStyle = Automatic;
						TestTargetID = 39F527E31F5E2B1400F9537C;
					};
					39F528071F5E2B1400F9537C = {
						CreatedOnToolsVersion = 8.3.2;
						ProvisioningStyle = Automatic;
						TestTargetID = 39F527E31F5E2B1400F9537C;
					};
				};
			};
			buildConfigurationList = 39F527DF1F5E2B1400F9537C /* Build configuration list for PBXProject "Demo" */;
			compatibilityVersion = "Xcode 3.2";
			developmentRegion = English;
			hasScannedForEncodings = 0;
			knownRegions = (
				en,
				Base,
			);
			mainGroup = 39F527DB1F5E2B1400F9537C;
			productRefGroup = 39F527E51F5E2B1400F9537C /* Products */;
			projectDirPath = "";
			projectRoot = "";
			targets = (
				39F527E31F5E2B1400F9537C /* Demo */,
				39F527FC1F5E2B1400F9537C /* DemoTests */,
				39F528071F5E2B1400F9537C /* DemoUITests */,
			);
		};
/* End PBXProject section */

/* Begin PBXResourcesBuildPhase section */
		39F527E21F5E2B1400F9537C /* Resources */ = {
			isa = PBXResourcesBuildPhase;
			buildActionMask = 2147483647;
			files = (
				39F527F41F5E2B1400F9537C /* Assets.xcassets in Resources */,
				FF9B43231F5ED2CC0028D50C /* barry.ttf in Resources */,
			);
			runOnlyForDeploymentPostprocessing = 0;
		};
		39F527FB1F5E2B1400F9537C /* Resources */ = {
			isa = PBXResourcesBuildPhase;
			buildActionMask = 2147483647;
			files = (
			);
			runOnlyForDeploymentPostprocessing = 0;
		};
		39F528061F5E2B1400F9537C /* Resources */ = {
			isa = PBXResourcesBuildPhase;
			buildActionMask = 2147483647;
			files = (
			);
			runOnlyForDeploymentPostprocessing = 0;
		};
/* End PBXResourcesBuildPhase section */

/* Begin PBXSourcesBuildPhase section */
		39F527E01F5E2B1400F9537C /* Sources */ = {
			isa = PBXSourcesBuildPhase;
			buildActionMask = 2147483647;
			files = (
				39F527EC1F5E2B1400F9537C /* AppDelegate.m in Sources */,
				39F528511F5E45E000F9537C /* MessageViewController.m in Sources */,
				39F5286E1F5E8D4E00F9537C /* UIView+leoAdd.m in Sources */,
				39F528641F5E8CD100F9537C /* SideModel.m in Sources */,
				39F5282A1F5E436D00F9537C /* BaseViewController.m in Sources */,
				39F5282C1F5E436D00F9537C /* LoginViewController.m in Sources */,
				39F528291F5E436D00F9537C /* BaseNaviViewController.m in Sources */,
				39F5284B1F5E45C300F9537C /* SearchViewController.m in Sources */,
				39F528661F5E8CD100F9537C /* SideView.m in Sources */,
				39F528311F5E449D00F9537C /* BaseTabBarViewController.m in Sources */,
				39F527E91F5E2B1400F9537C /* main.m in Sources */,
				39F5282B1F5E436D00F9537C /* LaunchView.m in Sources */,
				FF9B43211F5ECD9E0028D50C /* MyViewController.m in Sources */,
				39F528651F5E8CD100F9537C /* SideCell.m in Sources */,
				39F528481F5E45B400F9537C /* HomeViewController.m in Sources */,
				39F5285A1F5E700D00F9537C /* ThemeManager.m in Sources */,
				39F5284E1F5E45D300F9537C /* CourseViewController.m in Sources */,
				39F5286D1F5E8D4E00F9537C /* PSDrawerManager.m in Sources */,
			);
			runOnlyForDeploymentPostprocessing = 0;
		};
		39F527F91F5E2B1400F9537C /* Sources */ = {
			isa = PBXSourcesBuildPhase;
			buildActionMask = 2147483647;
			files = (
				39F528021F5E2B1400F9537C /* DemoTests.m in Sources */,
			);
			runOnlyForDeploymentPostprocessing = 0;
		};
		39F528041F5E2B1400F9537C /* Sources */ = {
			isa = PBXSourcesBuildPhase;
			buildActionMask = 2147483647;
			files = (
				39F5280D1F5E2B1400F9537C /* DemoUITests.m in Sources */,
			);
			runOnlyForDeploymentPostprocessing = 0;
		};
/* End PBXSourcesBuildPhase section */

/* Begin PBXTargetDependency section */
		39F527FF1F5E2B1400F9537C /* PBXTargetDependency */ = {
			isa = PBXTargetDependency;
			target = 39F527E31F5E2B1400F9537C /* Demo */;
			targetProxy = 39F527FE1F5E2B1400F9537C /* PBXContainerItemProxy */;
		};
		39F5280A1F5E2B1400F9537C /* PBXTargetDependency */ = {
			isa = PBXTargetDependency;
			target = 39F527E31F5E2B1400F9537C /* Demo */;
			targetProxy = 39F528091F5E2B1400F9537C /* PBXContainerItemProxy */;
		};
/* End PBXTargetDependency section */

/* Begin XCBuildConfiguration section */
		39F5280F1F5E2B1400F9537C /* Debug */ = {
			isa = XCBuildConfiguration;
			buildSettings = {
				ALWAYS_SEARCH_USER_PATHS = NO;
				CLANG_ANALYZER_NONNULL = YES;
				CLANG_ANALYZER_NUMBER_OBJECT_CONVERSION = YES_AGGRESSIVE;
				CLANG_CXX_LANGUAGE_STANDARD = "gnu++0x";
				CLANG_CXX_LIBRARY = "libc++";
				CLANG_ENABLE_MODULES = YES;
				CLANG_ENABLE_OBJC_ARC = YES;
				CLANG_WARN_BOOL_CONVERSION = YES;
				CLANG_WARN_CONSTANT_CONVERSION = YES;
				CLANG_WARN_DIRECT_OBJC_ISA_USAGE = YES_ERROR;
				CLANG_WARN_DOCUMENTATION_COMMENTS = YES;
				CLANG_WARN_EMPTY_BODY = YES;
				CLANG_WARN_ENUM_CONVERSION = YES;
				CLANG_WARN_INFINITE_RECURSION = YES;
				CLANG_WARN_INT_CONVERSION = YES;
				CLANG_WARN_OBJC_ROOT_CLASS = YES_ERROR;
				CLANG_WARN_SUSPICIOUS_MOVE = YES;
				CLANG_WARN_UNREACHABLE_CODE = YES;
				CLANG_WARN__DUPLICATE_METHOD_MATCH = YES;
				"CODE_SIGN_IDENTITY[sdk=iphoneos*]" = "iPhone Developer";
				COPY_PHASE_STRIP = NO;
				DEBUG_INFORMATION_FORMAT = dwarf;
				ENABLE_STRICT_OBJC_MSGSEND = YES;
				ENABLE_TESTABILITY = YES;
				GCC_C_LANGUAGE_STANDARD = gnu99;
				GCC_DYNAMIC_NO_PIC = NO;
				GCC_NO_COMMON_BLOCKS = YES;
				GCC_OPTIMIZATION_LEVEL = 0;
				GCC_PREPROCESSOR_DEFINITIONS = (
					"DEBUG=1",
					"$(inherited)",
				);
				GCC_WARN_64_TO_32_BIT_CONVERSION = YES;
				GCC_WARN_ABOUT_RETURN_TYPE = YES_ERROR;
				GCC_WARN_UNDECLARED_SELECTOR = YES;
				GCC_WARN_UNINITIALIZED_AUTOS = YES_AGGRESSIVE;
				GCC_WARN_UNUSED_FUNCTION = YES;
				GCC_WARN_UNUSED_VARIABLE = YES;
				IPHONEOS_DEPLOYMENT_TARGET = 10.3;
				MTL_ENABLE_DEBUG_INFO = YES;
				ONLY_ACTIVE_ARCH = YES;
				SDKROOT = iphoneos;
				TARGETED_DEVICE_FAMILY = "1,2";
			};
			name = Debug;
		};
		39F528101F5E2B1400F9537C /* Release */ = {
			isa = XCBuildConfiguration;
			buildSettings = {
				ALWAYS_SEARCH_USER_PATHS = NO;
				CLANG_ANALYZER_NONNULL = YES;
				CLANG_ANALYZER_NUMBER_OBJECT_CONVERSION = YES_AGGRESSIVE;
				CLANG_CXX_LANGUAGE_STANDARD = "gnu++0x";
				CLANG_CXX_LIBRARY = "libc++";
				CLANG_ENABLE_MODULES = YES;
				CLANG_ENABLE_OBJC_ARC = YES;
				CLANG_WARN_BOOL_CONVERSION = YES;
				CLANG_WARN_CONSTANT_CONVERSION = YES;
				CLANG_WARN_DIRECT_OBJC_ISA_USAGE = YES_ERROR;
				CLANG_WARN_DOCUMENTATION_COMMENTS = YES;
				CLANG_WARN_EMPTY_BODY = YES;
				CLANG_WARN_ENUM_CONVERSION = YES;
				CLANG_WARN_INFINITE_RECURSION = YES;
				CLANG_WARN_INT_CONVERSION = YES;
				CLANG_WARN_OBJC_ROOT_CLASS = YES_ERROR;
				CLANG_WARN_SUSPICIOUS_MOVE = YES;
				CLANG_WARN_UNREACHABLE_CODE = YES;
				CLANG_WARN__DUPLICATE_METHOD_MATCH = YES;
				"CODE_SIGN_IDENTITY[sdk=iphoneos*]" = "iPhone Developer";
				COPY_PHASE_STRIP = NO;
				DEBUG_INFORMATION_FORMAT = "dwarf-with-dsym";
				ENABLE_NS_ASSERTIONS = NO;
				ENABLE_STRICT_OBJC_MSGSEND = YES;
				GCC_C_LANGUAGE_STANDARD = gnu99;
				GCC_NO_COMMON_BLOCKS = YES;
				GCC_WARN_64_TO_32_BIT_CONVERSION = YES;
				GCC_WARN_ABOUT_RETURN_TYPE = YES_ERROR;
				GCC_WARN_UNDECLARED_SELECTOR = YES;
				GCC_WARN_UNINITIALIZED_AUTOS = YES_AGGRESSIVE;
				GCC_WARN_UNUSED_FUNCTION = YES;
				GCC_WARN_UNUSED_VARIABLE = YES;
				IPHONEOS_DEPLOYMENT_TARGET = 10.3;
				MTL_ENABLE_DEBUG_INFO = NO;
				SDKROOT = iphoneos;
				TARGETED_DEVICE_FAMILY = "1,2";
				VALIDATE_PRODUCT = YES;
			};
			name = Release;
		};
		39F528121F5E2B1400F9537C /* Debug */ = {
			isa = XCBuildConfiguration;
			buildSettings = {
				ASSETCATALOG_COMPILER_APPICON_NAME = AppIcon;
				ASSETCATALOG_COMPILER_LAUNCHIMAGE_NAME = LaunchImage;
				DEVELOPMENT_TEAM = 39XHFP8NJ6;
				GCC_PRECOMPILE_PREFIX_HEADER = YES;
				GCC_PREFIX_HEADER = Demo/PrefixHeader.pch;
				INFOPLIST_FILE = Demo/Info.plist;
				IPHONEOS_DEPLOYMENT_TARGET = 8.0;
				LD_RUNPATH_SEARCH_PATHS = "$(inherited) @executable_path/Frameworks";
				PRODUCT_BUNDLE_IDENTIFIER = com.jumploo.remotee;
				PRODUCT_NAME = "$(TARGET_NAME)";
			};
			name = Debug;
		};
		39F528131F5E2B1400F9537C /* Release */ = {
			isa = XCBuildConfiguration;
			buildSettings = {
				ASSETCATALOG_COMPILER_APPICON_NAME = AppIcon;
				ASSETCATALOG_COMPILER_LAUNCHIMAGE_NAME = LaunchImage;
				DEVELOPMENT_TEAM = 39XHFP8NJ6;
				GCC_PRECOMPILE_PREFIX_HEADER = YES;
				GCC_PREFIX_HEADER = Demo/PrefixHeader.pch;
				INFOPLIST_FILE = Demo/Info.plist;
				IPHONEOS_DEPLOYMENT_TARGET = 8.0;
				LD_RUNPATH_SEARCH_PATHS = "$(inherited) @executable_path/Frameworks";
				PRODUCT_BUNDLE_IDENTIFIER = com.jumploo.remotee;
				PRODUCT_NAME = "$(TARGET_NAME)";
			};
			name = Release;
		};
		39F528151F5E2B1400F9537C /* Debug */ = {
			isa = XCBuildConfiguration;
			buildSettings = {
				BUNDLE_LOADER = "$(TEST_HOST)";
				INFOPLIST_FILE = DemoTests/Info.plist;
				LD_RUNPATH_SEARCH_PATHS = "$(inherited) @executable_path/Frameworks @loader_path/Frameworks";
				PRODUCT_BUNDLE_IDENTIFIER = com.jumploo.DemoTests;
				PRODUCT_NAME = "$(TARGET_NAME)";
				TEST_HOST = "$(BUILT_PRODUCTS_DIR)/Demo.app/Demo";
			};
			name = Debug;
		};
		39F528161F5E2B1400F9537C /* Release */ = {
			isa = XCBuildConfiguration;
			buildSettings = {
				BUNDLE_LOADER = "$(TEST_HOST)";
				INFOPLIST_FILE = DemoTests/Info.plist;
				LD_RUNPATH_SEARCH_PATHS = "$(inherited) @executable_path/Frameworks @loader_path/Frameworks";
				PRODUCT_BUNDLE_IDENTIFIER = com.jumploo.DemoTests;
				PRODUCT_NAME = "$(TARGET_NAME)";
				TEST_HOST = "$(BUILT_PRODUCTS_DIR)/Demo.app/Demo";
			};
			name = Release;
		};
		39F528181F5E2B1400F9537C /* Debug */ = {
			isa = XCBuildConfiguration;
			buildSettings = {
				INFOPLIST_FILE = DemoUITests/Info.plist;
				LD_RUNPATH_SEARCH_PATHS = "$(inherited) @executable_path/Frameworks @loader_path/Frameworks";
				PRODUCT_BUNDLE_IDENTIFIER = com.jumploo.DemoUITests;
				PRODUCT_NAME = "$(TARGET_NAME)";
				TEST_TARGET_NAME = Demo;
			};
			name = Debug;
		};
		39F528191F5E2B1400F9537C /* Release */ = {
			isa = XCBuildConfiguration;
			buildSettings = {
				INFOPLIST_FILE = DemoUITests/Info.plist;
				LD_RUNPATH_SEARCH_PATHS = "$(inherited) @executable_path/Frameworks @loader_path/Frameworks";
				PRODUCT_BUNDLE_IDENTIFIER = com.jumploo.DemoUITests;
				PRODUCT_NAME = "$(TARGET_NAME)";
				TEST_TARGET_NAME = Demo;
			};
			name = Release;
		};
/* End XCBuildConfiguration section */

/* Begin XCConfigurationList section */
		39F527DF1F5E2B1400F9537C /* Build configuration list for PBXProject "Demo" */ = {
			isa = XCConfigurationList;
			buildConfigurations = (
				39F5280F1F5E2B1400F9537C /* Debug */,
				39F528101F5E2B1400F9537C /* Release */,
			);
			defaultConfigurationIsVisible = 0;
			defaultConfigurationName = Release;
		};
		39F528111F5E2B1400F9537C /* Build configuration list for PBXNativeTarget "Demo" */ = {
			isa = XCConfigurationList;
			buildConfigurations = (
				39F528121F5E2B1400F9537C /* Debug */,
				39F528131F5E2B1400F9537C /* Release */,
			);
			defaultConfigurationIsVisible = 0;
			defaultConfigurationName = Release;
		};
		39F528141F5E2B1400F9537C /* Build configuration list for PBXNativeTarget "DemoTests" */ = {
			isa = XCConfigurationList;
			buildConfigurations = (
				39F528151F5E2B1400F9537C /* Debug */,
				39F528161F5E2B1400F9537C /* Release */,
			);
			defaultConfigurationIsVisible = 0;
			defaultConfigurationName = Release;
		};
		39F528171F5E2B1400F9537C /* Build configuration list for PBXNativeTarget "DemoUITests" */ = {
			isa = XCConfigurationList;
			buildConfigurations = (
				39F528181F5E2B1400F9537C /* Debug */,
				39F528191F5E2B1400F9537C /* Release */,
			);
			defaultConfigurationIsVisible = 0;
			defaultConfigurationName = Release;
		};
/* End XCConfigurationList section */
	};
	rootObject = 39F527DC1F5E2B1400F9537C /* Project object */;
}
